
Microsoft Visual Studio Solution File, Format Version 12.00
# Visual Studio Version 16
VisualStudioVersion = 16.0.30406.217
MinimumVisualStudioVersion = 10.0.40219.1
Project("{FAE04EC0-301F-11D3-BF4B-00C04F79EFBC}") = "GP.App", "src\GP.App\GP.App.csproj", "{4162803C-4034-4FD6-8973-9974D9509D91}"
EndProject
Project("{FAE04EC0-301F-11D3-BF4B-00C04F79EFBC}") = "GP.Data", "src\GP.Data\GP.Data.csproj", "{C8ACB625-38C0-4C14-A6DF-26F7D9631FBD}"
EndProject
Project("{FAE04EC0-301F-11D3-BF4B-00C04F79EFBC}") = "GP.Business", "src\GP.Business\GP.Business.csproj", "{67BF4311-BE18-4532-859A-7CCE246BEB31}"
EndProject
Global
	GlobalSection(SolutionConfigurationPlatforms) = preSolution
		Debug|Any CPU = Debug|Any CPU
		Release|Any CPU = Release|Any CPU
	EndGlobalSection
	GlobalSection(ProjectConfigurationPlatforms) = postSolution
		{4162803C-4034-4FD6-8973-9974D9509D91}.Debug|Any CPU.ActiveCfg = Debug|Any CPU
		{4162803C-4034-4FD6-8973-9974D9509D91}.Debug|Any CPU.Build.0 = Debug|Any CPU
		{4162803C-4034-4FD6-8973-9974D9509D91}.Release|Any CPU.ActiveCfg = Release|Any CPU
		{4162803C-4034-4FD6-8973-9974D9509D91}.Release|Any CPU.Build.0 = Release|Any CPU
		{C8ACB625-38C0-4C14-A6DF-26F7D9631FBD}.Debug|Any CPU.ActiveCfg = Debug|Any CPU
		{C8ACB625-38C0-4C14-A6DF-26F7D9631FBD}.Debug|Any CPU.Build.0 = Debug|Any CPU
		{C8ACB625-38C0-4C14-A6DF-26F7D9631FBD}.Release|Any CPU.ActiveCfg = Release|Any CPU
		{C8ACB625-38C0-4C14-A6DF-26F7D9631FBD}.Release|Any CPU.Build.0 = Release|Any CPU
		{67BF4311-BE18-4532-859A-7CCE246BEB31}.Debug|Any CPU.ActiveCfg = Debug|Any CPU
		{67BF4311-BE18-4532-859A-7CCE246BEB31}.Debug|Any CPU.Build.0 = Debug|Any CPU
		{67BF4311-BE18-4532-859A-7CCE246BEB31}.Release|Any CPU.ActiveCfg = Release|Any CPU
		{67BF4311-BE18-4532-859A-7CCE246BEB31}.Release|Any CPU.Build.0 = Release|Any CPU
	EndGlobalSection
	GlobalSection(SolutionProperties) = preSolution
		HideSolutionNode = FALSE
	EndGlobalSection
	GlobalSection(ExtensibilityGlobals) = postSolution
		SolutionGuid = {4659E1BE-2EE4-46FF-92E6-D5717791091A}
	EndGlobalSection
EndGlobal
